
Microsoft Visual Studio Solution File, Format Version 12.00
# Visual Studio Version 16
VisualStudioVersion = 16.0.30804.86
MinimumVisualStudioVersion = 10.0.40219.1
Project("{FAE04EC0-301F-11D3-BF4B-00C04F79EFBC}") = "Feb_17_LW_2_T_2", "Feb_17_LW_2_T_2\Feb_17_LW_2_T_2.csproj", "{6DBA3EDC-2EE1-4525-8DDD-8D3E37A55065}"
EndProject
Global
	GlobalSection(SolutionConfigurationPlatforms) = preSolution
		Debug|Any CPU = Debug|Any CPU
		Release|Any CPU = Release|Any CPU
	EndGlobalSection
	GlobalSection(ProjectConfigurationPlatforms) = postSolution
		{6DBA3EDC-2EE1-4525-8DDD-8D3E37A55065}.Debug|Any CPU.ActiveCfg = Debug|Any CPU
		{6DBA3EDC-2EE1-4525-8DDD-8D3E37A55065}.Debug|Any CPU.Build.0 = Debug|Any CPU
		{6DBA3EDC-2EE1-4525-8DDD-8D3E37A55065}.Release|Any CPU.ActiveCfg = Release|Any CPU
		{6DBA3EDC-2EE1-4525-8DDD-8D3E37A55065}.Release|Any CPU.Build.0 = Release|Any CPU
	EndGlobalSection
	GlobalSection(SolutionProperties) = preSolution
		HideSolutionNode = FALSE
	EndGlobalSection
	GlobalSection(ExtensibilityGlobals) = postSolution
		SolutionGuid = {A62E5293-DE97-45B7-B590-B9BD41EA5B95}
	EndGlobalSection
EndGlobal
